
Microsoft Visual Studio Solution File, Format Version 12.00
# Visual Studio Version 16
VisualStudioVersion = 16.0.33328.57
MinimumVisualStudioVersion = 10.0.40219.1
Project("{FAE04EC0-301F-11D3-BF4B-00C04F79EFBC}") = "F2", "F2.csproj", "{1E82C346-F886-4A82-8616-4DD309834402}"
EndProject
Global
	GlobalSection(SolutionConfigurationPlatforms) = preSolution
		Debug|Any CPU = Debug|Any CPU
		Release|Any CPU = Release|Any CPU
	EndGlobalSection
	GlobalSection(ProjectConfigurationPlatforms) = postSolution
		{1E82C346-F886-4A82-8616-4DD309834402}.Debug|Any CPU.ActiveCfg = Debug|Any CPU
		{1E82C346-F886-4A82-8616-4DD309834402}.Debug|Any CPU.Build.0 = Debug|Any CPU
		{1E82C346-F886-4A82-8616-4DD309834402}.Release|Any CPU.ActiveCfg = Release|Any CPU
		{1E82C346-F886-4A82-8616-4DD309834402}.Release|Any CPU.Build.0 = Release|Any CPU
	EndGlobalSection
	GlobalSection(SolutionProperties) = preSolution
		HideSolutionNode = FALSE
	EndGlobalSection
	GlobalSection(ExtensibilityGlobals) = postSolution
		SolutionGuid = {135E9C3D-55A6-4043-896D-3445820D06EF}
	EndGlobalSection
EndGlobal
